{
  "name": "mongoose-sort-encrypted-field",
  "version": "0.0.1",
  "lockfileVersion": 1,
  "requires": true,
  "dependencies": {
    "@navpreetdevpuri/base-2-n": {
      "version": "0.0.9",
      "resolved": "https://registry.npmjs.org/@navpreetdevpuri/base-2-n/-/base-2-n-0.0.9.tgz",
      "integrity": "sha512-/jglDrf3fvm/vMUMnYC+mw2FDxnb3E9aWPjevhNGn4ivTjr/0/Ev4CCdGuo6/tIeHxgyciZbmXHyQBXiYMkF5Q=="
    }
  }
}
